
Microsoft Visual Studio Solution File, Format Version 12.00
# Visual Studio Version 16
VisualStudioVersion = 16.0.33214.272
MinimumVisualStudioVersion = 10.0.40219.1
Project("{9A19103F-16F7-4668-BE54-9A1E7A4F7556}") = "StudentAdminPortal.API", "StudentAdminPortal.API\StudentAdminPortal.API.csproj", "{58102CF7-3DEA-40BB-B0E7-60EF25A1F7E8}"
EndProject
Global
	GlobalSection(SolutionConfigurationPlatforms) = preSolution
		Debug|Any CPU = Debug|Any CPU
		Release|Any CPU = Release|Any CPU
	EndGlobalSection
	GlobalSection(ProjectConfigurationPlatforms) = postSolution
		{58102CF7-3DEA-40BB-B0E7-60EF25A1F7E8}.Debug|Any CPU.ActiveCfg = Debug|Any CPU
		{58102CF7-3DEA-40BB-B0E7-60EF25A1F7E8}.Debug|Any CPU.Build.0 = Debug|Any CPU
		{58102CF7-3DEA-40BB-B0E7-60EF25A1F7E8}.Release|Any CPU.ActiveCfg = Release|Any CPU
		{58102CF7-3DEA-40BB-B0E7-60EF25A1F7E8}.Release|Any CPU.Build.0 = Release|Any CPU
	EndGlobalSection
	GlobalSection(SolutionProperties) = preSolution
		HideSolutionNode = FALSE
	EndGlobalSection
	GlobalSection(ExtensibilityGlobals) = postSolution
		SolutionGuid = {4FF15EE7-26E3-41EC-B884-07598C7EDA5F}
	EndGlobalSection
EndGlobal
